// !$*UTF8*$!
{
	archiveVersion = 1;
	classes = {
	};
	objectVersion = 77;
	objects = {

/* Begin PBXBuildFile section */
		0A65CBED2E6B664D001DC08D /* MarkdownUI in Frameworks */ = {isa = PBXBuildFile; productRef = 0A65CBEC2E6B664D001DC08D /* MarkdownUI */; };
		0A65CBF02E6B6664001DC08D /* Highlighter in Frameworks */ = {isa = PBXBuildFile; productRef = 0A65CBEF2E6B6664001DC08D /* Highlighter */; };
		0A65D0802E6B9E0F001DC08D /* SwiftMath in Frameworks */ = {isa = PBXBuildFile; productRef = 0A65D07F2E6B9E0F001DC08D /* SwiftMath */; };
		D0PHSWIFT3 /* PhosphorSwift in Frameworks */ = {isa = PBXBuildFile; productRef = D0PHSWIFT2 /* PhosphorSwift */; };
/* End PBXBuildFile section */

/* Begin PBXContainerItemProxy section */
		0A60D24B2E6A6DD100623E77 /* PBXContainerItemProxy */ = {
			isa = PBXContainerItemProxy;
			containerPortal = 0A60D2312E6A6DCF00623E77 /* Project object */;
			proxyType = 1;
			remoteGlobalIDString = 0A60D2382E6A6DCF00623E77;
			remoteInfo = ChatApp;
		};
		0A60D2552E6A6DD100623E77 /* PBXContainerItemProxy */ = {
			isa = PBXContainerItemProxy;
			containerPortal = 0A60D2312E6A6DCF00623E77 /* Project object */;
			proxyType = 1;
			remoteGlobalIDString = 0A60D2382E6A6DCF00623E77;
			remoteInfo = ChatApp;
		};
/* End PBXContainerItemProxy section */

/* Begin PBXFileReference section */
		0A60D2392E6A6DCF00623E77 /* ChatApp.app */ = {isa = PBXFileReference; explicitFileType = wrapper.application; includeInIndex = 0; path = ChatApp.app; sourceTree = BUILT_PRODUCTS_DIR; };
		0A60D24A2E6A6DD100623E77 /* ChatAppTests.xctest */ = {isa = PBXFileReference; explicitFileType = wrapper.cfbundle; includeInIndex = 0; path = ChatAppTests.xctest; sourceTree = BUILT_PRODUCTS_DIR; };
		0A60D2542E6A6DD100623E77 /* ChatAppUITests.xctest */ = {isa = PBXFileReference; explicitFileType = wrapper.cfbundle; includeInIndex = 0; path = ChatAppUITests.xctest; sourceTree = BUILT_PRODUCTS_DIR; };
		0A6FFD642E6A86B600ABE516 /* ChatApp.xctestplan */ = {isa = PBXFileReference; lastKnownFileType = text; path = ChatApp.xctestplan; sourceTree = "<group>"; };
/* End PBXFileReference section */

/* Begin PBXFileSystemSynchronizedBuildFileExceptionSet section */
		0A60D25C2E6A6DD100623E77 /* Exceptions for "ChatApp" folder in "ChatApp" target */ = {
			isa = PBXFileSystemSynchronizedBuildFileExceptionSet;
			membershipExceptions = (
				Info.plist,
			);
			target = 0A60D2382E6A6DCF00623E77 /* ChatApp */;
		};
/* End PBXFileSystemSynchronizedBuildFileExceptionSet section */

/* Begin PBXFileSystemSynchronizedRootGroup section */
		0A60D23B2E6A6DCF00623E77 /* ChatApp */ = {
			isa = PBXFileSystemSynchronizedRootGroup;
			exceptions = (
				0A60D25C2E6A6DD100623E77 /* Exceptions for "ChatApp" folder in "ChatApp" target */,
			);
			path = ChatApp;
			sourceTree = "<group>";
		};
		0A60D24D2E6A6DD100623E77 /* ChatAppTests */ = {
			isa = PBXFileSystemSynchronizedRootGroup;
			path = ChatAppTests;
			sourceTree = "<group>";
		};
		0A60D2572E6A6DD100623E77 /* ChatAppUITests */ = {
			isa = PBXFileSystemSynchronizedRootGroup;
			path = ChatAppUITests;
			sourceTree = "<group>";
		};
/* End PBXFileSystemSynchronizedRootGroup section */

/* Begin PBXFrameworksBuildPhase section */
		0A60D2362E6A6DCF00623E77 /* Frameworks */ = {
			isa = PBXFrameworksBuildPhase;
			buildActionMask = 2147483647;
			files = (
				0A65CBF02E6B6664001DC08D /* Highlighter in Frameworks */,
				0A65CBED2E6B664D001DC08D /* MarkdownUI in Frameworks */,
				0A65D0802E6B9E0F001DC08D /* SwiftMath in Frameworks */,
				D0PHSWIFT3 /* PhosphorSwift in Frameworks */,
			);
			runOnlyForDeploymentPostprocessing = 0;
		};
		0A60D2472E6A6DD100623E77 /* Frameworks */ = {
			isa = PBXFrameworksBuildPhase;
			buildActionMask = 2147483647;
			files = (
			);
			runOnlyForDeploymentPostprocessing = 0;
		};
		0A60D2512E6A6DD100623E77 /* Frameworks */ = {
			isa = PBXFrameworksBuildPhase;
			buildActionMask = 2147483647;
			files = (
			);
			runOnlyForDeploymentPostprocessing = 0;
		};
/* End PBXFrameworksBuildPhase section */

/* Begin PBXGroup section */
		0A60D2302E6A6DCF00623E77 = {
			isa = PBXGroup;
			children = (
				0A6FFD642E6A86B600ABE516 /* ChatApp.xctestplan */,
				0A60D23B2E6A6DCF00623E77 /* ChatApp */,
				0A60D24D2E6A6DD100623E77 /* ChatAppTests */,
				0A60D2572E6A6DD100623E77 /* ChatAppUITests */,
				0A60D23A2E6A6DCF00623E77 /* Products */,
			);
			sourceTree = "<group>";
		};
		0A60D23A2E6A6DCF00623E77 /* Products */ = {
			isa = PBXGroup;
			children = (
				0A60D2392E6A6DCF00623E77 /* ChatApp.app */,
				0A60D24A2E6A6DD100623E77 /* ChatAppTests.xctest */,
				0A60D2542E6A6DD100623E77 /* ChatAppUITests.xctest */,
			);
			name = Products;
			sourceTree = "<group>";
		};
/* End PBXGroup section */

/* Begin PBXNativeTarget section */
		0A60D2382E6A6DCF00623E77 /* ChatApp */ = {
			isa = PBXNativeTarget;
			buildConfigurationList = 0A60D25D2E6A6DD100623E77 /* Build configuration list for PBXNativeTarget "ChatApp" */;
			buildPhases = (
				0A60D2352E6A6DCF00623E77 /* Sources */,
				0A65CBF52E6B90A5001DC08D /* Inject Dev .env */,
				0A60D2362E6A6DCF00623E77 /* Frameworks */,
				0A60D2372E6A6DCF00623E77 /* Resources */,
			);
			buildRules = (
			);
			dependencies = (
			);
			fileSystemSynchronizedGroups = (
				0A60D23B2E6A6DCF00623E77 /* ChatApp */,
			);
			name = ChatApp;
				packageProductDependencies = (
					0A65CBEC2E6B664D001DC08D /* MarkdownUI */,
					0A65CBEF2E6B6664001DC08D /* Highlighter */,
					0A65D07F2E6B9E0F001DC08D /* SwiftMath */,
					D0PHSWIFT2 /* PhosphorSwift */,
				);
			productName = ChatApp;
			productReference = 0A60D2392E6A6DCF00623E77 /* ChatApp.app */;
			productType = "com.apple.product-type.application";
		};
		0A60D2492E6A6DD100623E77 /* ChatAppTests */ = {
			isa = PBXNativeTarget;
			buildConfigurationList = 0A60D2622E6A6DD100623E77 /* Build configuration list for PBXNativeTarget "ChatAppTests" */;
			buildPhases = (
				0A60D2462E6A6DD100623E77 /* Sources */,
				0A60D2472E6A6DD100623E77 /* Frameworks */,
				0A60D2482E6A6DD100623E77 /* Resources */,
			);
			buildRules = (
			);
			dependencies = (
				0A60D24C2E6A6DD100623E77 /* PBXTargetDependency */,
			);
			fileSystemSynchronizedGroups = (
				0A60D24D2E6A6DD100623E77 /* ChatAppTests */,
			);
			name = ChatAppTests;
			packageProductDependencies = (
			);
			productName = ChatAppTests;
			productReference = 0A60D24A2E6A6DD100623E77 /* ChatAppTests.xctest */;
			productType = "com.apple.product-type.bundle.unit-test";
		};
		0A60D2532E6A6DD100623E77 /* ChatAppUITests */ = {
			isa = PBXNativeTarget;
			buildConfigurationList = 0A60D2652E6A6DD100623E77 /* Build configuration list for PBXNativeTarget "ChatAppUITests" */;
			buildPhases = (
				0A60D2502E6A6DD100623E77 /* Sources */,
				0A60D2512E6A6DD100623E77 /* Frameworks */,
				0A60D2522E6A6DD100623E77 /* Resources */,
			);
			buildRules = (
			);
			dependencies = (
				0A60D2562E6A6DD100623E77 /* PBXTargetDependency */,
			);
			fileSystemSynchronizedGroups = (
				0A60D2572E6A6DD100623E77 /* ChatAppUITests */,
			);
			name = ChatAppUITests;
			packageProductDependencies = (
			);
			productName = ChatAppUITests;
			productReference = 0A60D2542E6A6DD100623E77 /* ChatAppUITests.xctest */;
			productType = "com.apple.product-type.bundle.ui-testing";
		};
/* End PBXNativeTarget section */

/* Begin PBXProject section */
		0A60D2312E6A6DCF00623E77 /* Project object */ = {
			isa = PBXProject;
			attributes = {
				BuildIndependentTargetsInParallel = 1;
				LastSwiftUpdateCheck = 1640;
				LastUpgradeCheck = 2600;
				TargetAttributes = {
					0A60D2382E6A6DCF00623E77 = {
						CreatedOnToolsVersion = 16.4;
					};
					0A60D2492E6A6DD100623E77 = {
						CreatedOnToolsVersion = 16.4;
						TestTargetID = 0A60D2382E6A6DCF00623E77;
					};
					0A60D2532E6A6DD100623E77 = {
						CreatedOnToolsVersion = 16.4;
						TestTargetID = 0A60D2382E6A6DCF00623E77;
					};
				};
			};
			buildConfigurationList = 0A60D2342E6A6DCF00623E77 /* Build configuration list for PBXProject "ChatApp" */;
			developmentRegion = en;
			hasScannedForEncodings = 0;
			knownRegions = (
				en,
				Base,
			);
			mainGroup = 0A60D2302E6A6DCF00623E77;
			minimizedProjectReferenceProxies = 1;
			packageReferences = (
				0A65CBEB2E6B664D001DC08D /* XCRemoteSwiftPackageReference "MarkdownUI" */,
				0A65CBEE2E6B6664001DC08D /* XCRemoteSwiftPackageReference "HighlighterSwift" */,
				0A65D07E2E6B9E0F001DC08D /* XCRemoteSwiftPackageReference "SwiftMath" */,
				D0PHSWIFT1 /* XCRemoteSwiftPackageReference "phosphor-icons/swift" */,
			);
			preferredProjectObjectVersion = 77;
			productRefGroup = 0A60D23A2E6A6DCF00623E77 /* Products */;
			projectDirPath = "";
			projectRoot = "";
			targets = (
				0A60D2382E6A6DCF00623E77 /* ChatApp */,
				0A60D2492E6A6DD100623E77 /* ChatAppTests */,
				0A60D2532E6A6DD100623E77 /* ChatAppUITests */,
			);
		};
/* End PBXProject section */

/* Begin PBXResourcesBuildPhase section */
		0A60D2372E6A6DCF00623E77 /* Resources */ = {
			isa = PBXResourcesBuildPhase;
			buildActionMask = 2147483647;
			files = (
			);
			runOnlyForDeploymentPostprocessing = 0;
		};
		0A60D2482E6A6DD100623E77 /* Resources */ = {
			isa = PBXResourcesBuildPhase;
			buildActionMask = 2147483647;
			files = (
			);
			runOnlyForDeploymentPostprocessing = 0;
		};
		0A60D2522E6A6DD100623E77 /* Resources */ = {
			isa = PBXResourcesBuildPhase;
			buildActionMask = 2147483647;
			files = (
			);
			runOnlyForDeploymentPostprocessing = 0;
		};
/* End PBXResourcesBuildPhase section */

/* Begin PBXShellScriptBuildPhase section */
		0A65CBF52E6B90A5001DC08D /* Inject Dev .env */ = {
			isa = PBXShellScriptBuildPhase;
			buildActionMask = 2147483647;
			files = (
			);
			inputFileListPaths = (
			);
			inputPaths = (
				"$(SRCROOT)/Env/.env",
			);
			name = "Inject Dev .env";
			outputFileListPaths = (
			);
			outputPaths = (
				"$(TARGET_BUILD_DIR)/$(UNLOCALIZED_RESOURCES_FOLDER_PATH)/DevSecrets.env",
			);
			runOnlyForDeploymentPostprocessing = 0;
			shellPath = /bin/sh;
			shellScript = "if [ \"$CONFIGURATION\" = \"Debug\" ]; then\n  if [ -f \"$SRCROOT/Env/.env\" ]; then\n    echo \"Copying .env to DevSecrets.env (Debug only)\"\n    cp \"$SRCROOT/Env/.env\" \"$TARGET_BUILD_DIR/$UNLOCALIZED_RESOURCES_FOLDER_PATH/DevSecrets.env\"\n  else\n    echo \"(No Env/.env found; skipping)\"\n  fi\nfi\n";
		};
/* End PBXShellScriptBuildPhase section */

/* Begin PBXSourcesBuildPhase section */
		0A60D2352E6A6DCF00623E77 /* Sources */ = {
			isa = PBXSourcesBuildPhase;
			buildActionMask = 2147483647;
			files = (
			);
			runOnlyForDeploymentPostprocessing = 0;
		};
		0A60D2462E6A6DD100623E77 /* Sources */ = {
			isa = PBXSourcesBuildPhase;
			buildActionMask = 2147483647;
			files = (
			);
			runOnlyForDeploymentPostprocessing = 0;
		};
		0A60D2502E6A6DD100623E77 /* Sources */ = {
			isa = PBXSourcesBuildPhase;
			buildActionMask = 2147483647;
			files = (
			);
			runOnlyForDeploymentPostprocessing = 0;
		};
/* End PBXSourcesBuildPhase section */

/* Begin PBXTargetDependency section */
		0A60D24C2E6A6DD100623E77 /* PBXTargetDependency */ = {
			isa = PBXTargetDependency;
			target = 0A60D2382E6A6DCF00623E77 /* ChatApp */;
			targetProxy = 0A60D24B2E6A6DD100623E77 /* PBXContainerItemProxy */;
		};
		0A60D2562E6A6DD100623E77 /* PBXTargetDependency */ = {
			isa = PBXTargetDependency;
			target = 0A60D2382E6A6DCF00623E77 /* ChatApp */;
			targetProxy = 0A60D2552E6A6DD100623E77 /* PBXContainerItemProxy */;
		};
/* End PBXTargetDependency section */

/* Begin XCBuildConfiguration section */
		0A60D25E2E6A6DD100623E77 /* Debug */ = {
			isa = XCBuildConfiguration;
			buildSettings = {
				ASSETCATALOG_COMPILER_APPICON_NAME = AppIcon;
				ASSETCATALOG_COMPILER_GLOBAL_ACCENT_COLOR_NAME = AccentColor;
				CODE_SIGN_ENTITLEMENTS = ChatApp/ChatApp.entitlements;
				CODE_SIGN_STYLE = Automatic;
				CURRENT_PROJECT_VERSION = 1;
				DEVELOPMENT_TEAM = SV9Z2RG2A6;
				ENABLE_APP_SANDBOX = YES;
				ENABLE_PREVIEWS = YES;
				ENABLE_USER_SELECTED_FILES = readonly;
				GENERATE_INFOPLIST_FILE = YES;
				INFOPLIST_FILE = ChatApp/Info.plist;
				INFOPLIST_KEY_UIApplicationSceneManifest_Generation = YES;
				INFOPLIST_KEY_UIApplicationSupportsIndirectInputEvents = YES;
				INFOPLIST_KEY_UILaunchScreen_Generation = YES;
				INFOPLIST_KEY_UISupportedInterfaceOrientations_iPad = "UIInterfaceOrientationPortrait UIInterfaceOrientationPortraitUpsideDown UIInterfaceOrientationLandscapeLeft UIInterfaceOrientationLandscapeRight";
				INFOPLIST_KEY_UISupportedInterfaceOrientations_iPhone = "UIInterfaceOrientationPortrait UIInterfaceOrientationLandscapeLeft UIInterfaceOrientationLandscapeRight";
				LD_RUNPATH_SEARCH_PATHS = (
					"$(inherited)",
					"@executable_path/Frameworks",
				);
				MARKETING_VERSION = 1.0;
				OTHER_LDFLAGS = "-ObjC";
				PRODUCT_BUNDLE_IDENTIFIER = Kosta.ChatApp;
				PRODUCT_NAME = "$(TARGET_NAME)";
				SWIFT_EMIT_LOC_STRINGS = YES;
				SWIFT_VERSION = 5.0;
				TARGETED_DEVICE_FAMILY = "1,2";
			};
			name = Debug;
		};
		0A60D25F2E6A6DD100623E77 /* Release */ = {
			isa = XCBuildConfiguration;
			buildSettings = {
				ASSETCATALOG_COMPILER_APPICON_NAME = AppIcon;
				ASSETCATALOG_COMPILER_GLOBAL_ACCENT_COLOR_NAME = AccentColor;
				CODE_SIGN_ENTITLEMENTS = ChatApp/ChatApp.entitlements;
				CODE_SIGN_STYLE = Automatic;
				CURRENT_PROJECT_VERSION = 1;
				DEVELOPMENT_TEAM = SV9Z2RG2A6;
				ENABLE_APP_SANDBOX = YES;
				ENABLE_PREVIEWS = YES;
				ENABLE_USER_SELECTED_FILES = readonly;
				GENERATE_INFOPLIST_FILE = YES;
				INFOPLIST_FILE = ChatApp/Info.plist;
				INFOPLIST_KEY_UIApplicationSceneManifest_Generation = YES;
				INFOPLIST_KEY_UIApplicationSupportsIndirectInputEvents = YES;
				INFOPLIST_KEY_UILaunchScreen_Generation = YES;
				INFOPLIST_KEY_UISupportedInterfaceOrientations_iPad = "UIInterfaceOrientationPortrait UIInterfaceOrientationPortraitUpsideDown UIInterfaceOrientationLandscapeLeft UIInterfaceOrientationLandscapeRight";
				INFOPLIST_KEY_UISupportedInterfaceOrientations_iPhone = "UIInterfaceOrientationPortrait UIInterfaceOrientationLandscapeLeft UIInterfaceOrientationLandscapeRight";
				LD_RUNPATH_SEARCH_PATHS = (
					"$(inherited)",
					"@executable_path/Frameworks",
				);
				MARKETING_VERSION = 1.0;
				OTHER_LDFLAGS = "-ObjC";
				PRODUCT_BUNDLE_IDENTIFIER = Kosta.ChatApp;
				PRODUCT_NAME = "$(TARGET_NAME)";
				SWIFT_EMIT_LOC_STRINGS = YES;
				SWIFT_VERSION = 5.0;
				TARGETED_DEVICE_FAMILY = "1,2";
			};
			name = Release;
		};
		0A60D2602E6A6DD100623E77 /* Debug */ = {
			isa = XCBuildConfiguration;
			buildSettings = {
				ALWAYS_SEARCH_USER_PATHS = NO;
				ASSETCATALOG_COMPILER_GENERATE_SWIFT_ASSET_SYMBOL_EXTENSIONS = YES;
				CLANG_ANALYZER_NONNULL = YES;
				CLANG_ANALYZER_NUMBER_OBJECT_CONVERSION = YES_AGGRESSIVE;
				CLANG_CXX_LANGUAGE_STANDARD = "gnu++20";
				CLANG_ENABLE_MODULES = YES;
				CLANG_ENABLE_OBJC_ARC = YES;
				CLANG_ENABLE_OBJC_WEAK = YES;
				CLANG_WARN_BLOCK_CAPTURE_AUTORELEASING = YES;
				CLANG_WARN_BOOL_CONVERSION = YES;
				CLANG_WARN_COMMA = YES;
				CLANG_WARN_CONSTANT_CONVERSION = YES;
				CLANG_WARN_DEPRECATED_OBJC_IMPLEMENTATIONS = YES;
				CLANG_WARN_DIRECT_OBJC_ISA_USAGE = YES_ERROR;
				CLANG_WARN_DOCUMENTATION_COMMENTS = YES;
				CLANG_WARN_EMPTY_BODY = YES;
				CLANG_WARN_ENUM_CONVERSION = YES;
				CLANG_WARN_INFINITE_RECURSION = YES;
				CLANG_WARN_INT_CONVERSION = YES;
				CLANG_WARN_NON_LITERAL_NULL_CONVERSION = YES;
				CLANG_WARN_OBJC_IMPLICIT_RETAIN_SELF = YES;
				CLANG_WARN_OBJC_LITERAL_CONVERSION = YES;
				CLANG_WARN_OBJC_ROOT_CLASS = YES_ERROR;
				CLANG_WARN_QUOTED_INCLUDE_IN_FRAMEWORK_HEADER = YES;
				CLANG_WARN_RANGE_LOOP_ANALYSIS = YES;
				CLANG_WARN_STRICT_PROTOTYPES = YES;
				CLANG_WARN_SUSPICIOUS_MOVE = YES;
				CLANG_WARN_UNGUARDED_AVAILABILITY = YES_AGGRESSIVE;
				CLANG_WARN_UNREACHABLE_CODE = YES;
				CLANG_WARN__DUPLICATE_METHOD_MATCH = YES;
				COPY_PHASE_STRIP = NO;
				DEBUG_INFORMATION_FORMAT = dwarf;
				DEVELOPMENT_TEAM = SV9Z2RG2A6;
				ENABLE_STRICT_OBJC_MSGSEND = YES;
				ENABLE_TESTABILITY = YES;
				ENABLE_USER_SCRIPT_SANDBOXING = YES;
				GCC_C_LANGUAGE_STANDARD = gnu17;
				GCC_DYNAMIC_NO_PIC = NO;
				GCC_NO_COMMON_BLOCKS = YES;
				GCC_OPTIMIZATION_LEVEL = 0;
				GCC_PREPROCESSOR_DEFINITIONS = (
					"DEBUG=1",
					"$(inherited)",
				);
				GCC_WARN_64_TO_32_BIT_CONVERSION = YES;
				GCC_WARN_ABOUT_RETURN_TYPE = YES_ERROR;
				GCC_WARN_UNDECLARED_SELECTOR = YES;
				GCC_WARN_UNINITIALIZED_AUTOS = YES_AGGRESSIVE;
				GCC_WARN_UNUSED_FUNCTION = YES;
				GCC_WARN_UNUSED_VARIABLE = YES;
				IPHONEOS_DEPLOYMENT_TARGET = 18.0;
				LOCALIZATION_PREFERS_STRING_CATALOGS = YES;
				MTL_ENABLE_DEBUG_INFO = INCLUDE_SOURCE;
				MTL_FAST_MATH = YES;
				ONLY_ACTIVE_ARCH = YES;
				SDKROOT = iphoneos;
				STRING_CATALOG_GENERATE_SYMBOLS = YES;
				SWIFT_ACTIVE_COMPILATION_CONDITIONS = "DEBUG $(inherited)";
				SWIFT_OPTIMIZATION_LEVEL = "-Onone";
			};
			name = Debug;
		};
		0A60D2612E6A6DD100623E77 /* Release */ = {
			isa = XCBuildConfiguration;
			buildSettings = {
				ALWAYS_SEARCH_USER_PATHS = NO;
				ASSETCATALOG_COMPILER_GENERATE_SWIFT_ASSET_SYMBOL_EXTENSIONS = YES;
				CLANG_ANALYZER_NONNULL = YES;
				CLANG_ANALYZER_NUMBER_OBJECT_CONVERSION = YES_AGGRESSIVE;
				CLANG_CXX_LANGUAGE_STANDARD = "gnu++20";
				CLANG_ENABLE_MODULES = YES;
				CLANG_ENABLE_OBJC_ARC = YES;
				CLANG_ENABLE_OBJC_WEAK = YES;
				CLANG_WARN_BLOCK_CAPTURE_AUTORELEASING = YES;
				CLANG_WARN_BOOL_CONVERSION = YES;
				CLANG_WARN_COMMA = YES;
				CLANG_WARN_CONSTANT_CONVERSION = YES;
				CLANG_WARN_DEPRECATED_OBJC_IMPLEMENTATIONS = YES;
				CLANG_WARN_DIRECT_OBJC_ISA_USAGE = YES_ERROR;
				CLANG_WARN_DOCUMENTATION_COMMENTS = YES;
				CLANG_WARN_EMPTY_BODY = YES;
				CLANG_WARN_ENUM_CONVERSION = YES;
				CLANG_WARN_INFINITE_RECURSION = YES;
				CLANG_WARN_INT_CONVERSION = YES;
				CLANG_WARN_NON_LITERAL_NULL_CONVERSION = YES;
				CLANG_WARN_OBJC_IMPLICIT_RETAIN_SELF = YES;
				CLANG_WARN_OBJC_LITERAL_CONVERSION = YES;
				CLANG_WARN_OBJC_ROOT_CLASS = YES_ERROR;
				CLANG_WARN_QUOTED_INCLUDE_IN_FRAMEWORK_HEADER = YES;
				CLANG_WARN_RANGE_LOOP_ANALYSIS = YES;
				CLANG_WARN_STRICT_PROTOTYPES = YES;
				CLANG_WARN_SUSPICIOUS_MOVE = YES;
				CLANG_WARN_UNGUARDED_AVAILABILITY = YES_AGGRESSIVE;
				CLANG_WARN_UNREACHABLE_CODE = YES;
				CLANG_WARN__DUPLICATE_METHOD_MATCH = YES;
				COPY_PHASE_STRIP = NO;
				DEBUG_INFORMATION_FORMAT = "dwarf-with-dsym";
				DEVELOPMENT_TEAM = SV9Z2RG2A6;
				ENABLE_NS_ASSERTIONS = NO;
				ENABLE_STRICT_OBJC_MSGSEND = YES;
				ENABLE_USER_SCRIPT_SANDBOXING = YES;
				GCC_C_LANGUAGE_STANDARD = gnu17;
				GCC_NO_COMMON_BLOCKS = YES;
				GCC_WARN_64_TO_32_BIT_CONVERSION = YES;
				GCC_WARN_ABOUT_RETURN_TYPE = YES_ERROR;
				GCC_WARN_UNDECLARED_SELECTOR = YES;
				GCC_WARN_UNINITIALIZED_AUTOS = YES_AGGRESSIVE;
				GCC_WARN_UNUSED_FUNCTION = YES;
				GCC_WARN_UNUSED_VARIABLE = YES;
				IPHONEOS_DEPLOYMENT_TARGET = 18.0;
				LOCALIZATION_PREFERS_STRING_CATALOGS = YES;
				MTL_ENABLE_DEBUG_INFO = NO;
				MTL_FAST_MATH = YES;
				SDKROOT = iphoneos;
				STRING_CATALOG_GENERATE_SYMBOLS = YES;
				SWIFT_COMPILATION_MODE = wholemodule;
				VALIDATE_PRODUCT = YES;
			};
			name = Release;
		};
		0A60D2632E6A6DD100623E77 /* Debug */ = {
			isa = XCBuildConfiguration;
			buildSettings = {
				BUNDLE_LOADER = "$(TEST_HOST)";
				CODE_SIGN_STYLE = Automatic;
				CURRENT_PROJECT_VERSION = 1;
				DEVELOPMENT_TEAM = SV9Z2RG2A6;
				GENERATE_INFOPLIST_FILE = YES;
				IPHONEOS_DEPLOYMENT_TARGET = 18.0;
				MARKETING_VERSION = 1.0;
				PRODUCT_BUNDLE_IDENTIFIER = Kosta.ChatAppTests;
				PRODUCT_NAME = "$(TARGET_NAME)";
				SWIFT_EMIT_LOC_STRINGS = NO;
				SWIFT_VERSION = 5.0;
				TARGETED_DEVICE_FAMILY = "1,2";
				TEST_HOST = "$(BUILT_PRODUCTS_DIR)/ChatApp.app/$(BUNDLE_EXECUTABLE_FOLDER_PATH)/ChatApp";
			};
			name = Debug;
		};
		0A60D2642E6A6DD100623E77 /* Release */ = {
			isa = XCBuildConfiguration;
			buildSettings = {
				BUNDLE_LOADER = "$(TEST_HOST)";
				CODE_SIGN_STYLE = Automatic;
				CURRENT_PROJECT_VERSION = 1;
				DEVELOPMENT_TEAM = SV9Z2RG2A6;
				GENERATE_INFOPLIST_FILE = YES;
				IPHONEOS_DEPLOYMENT_TARGET = 18.0;
				MARKETING_VERSION = 1.0;
				PRODUCT_BUNDLE_IDENTIFIER = Kosta.ChatAppTests;
				PRODUCT_NAME = "$(TARGET_NAME)";
				SWIFT_EMIT_LOC_STRINGS = NO;
				SWIFT_VERSION = 5.0;
				TARGETED_DEVICE_FAMILY = "1,2";
				TEST_HOST = "$(BUILT_PRODUCTS_DIR)/ChatApp.app/$(BUNDLE_EXECUTABLE_FOLDER_PATH)/ChatApp";
			};
			name = Release;
		};
		0A60D2662E6A6DD100623E77 /* Debug */ = {
			isa = XCBuildConfiguration;
			buildSettings = {
				CODE_SIGN_STYLE = Automatic;
				CURRENT_PROJECT_VERSION = 1;
				DEVELOPMENT_TEAM = SV9Z2RG2A6;
				GENERATE_INFOPLIST_FILE = YES;
				MARKETING_VERSION = 1.0;
				PRODUCT_BUNDLE_IDENTIFIER = Kosta.ChatAppUITests;
				PRODUCT_NAME = "$(TARGET_NAME)";
				SWIFT_EMIT_LOC_STRINGS = NO;
				SWIFT_VERSION = 5.0;
				TARGETED_DEVICE_FAMILY = "1,2";
				TEST_TARGET_NAME = ChatApp;
			};
			name = Debug;
		};
		0A60D2672E6A6DD100623E77 /* Release */ = {
			isa = XCBuildConfiguration;
			buildSettings = {
				CODE_SIGN_STYLE = Automatic;
				CURRENT_PROJECT_VERSION = 1;
				DEVELOPMENT_TEAM = SV9Z2RG2A6;
				GENERATE_INFOPLIST_FILE = YES;
				MARKETING_VERSION = 1.0;
				PRODUCT_BUNDLE_IDENTIFIER = Kosta.ChatAppUITests;
				PRODUCT_NAME = "$(TARGET_NAME)";
				SWIFT_EMIT_LOC_STRINGS = NO;
				SWIFT_VERSION = 5.0;
				TARGETED_DEVICE_FAMILY = "1,2";
				TEST_TARGET_NAME = ChatApp;
			};
			name = Release;
		};
/* End XCBuildConfiguration section */

/* Begin XCConfigurationList section */
		0A60D2342E6A6DCF00623E77 /* Build configuration list for PBXProject "ChatApp" */ = {
			isa = XCConfigurationList;
			buildConfigurations = (
				0A60D2602E6A6DD100623E77 /* Debug */,
				0A60D2612E6A6DD100623E77 /* Release */,
			);
			defaultConfigurationIsVisible = 0;
			defaultConfigurationName = Release;
		};
		0A60D25D2E6A6DD100623E77 /* Build configuration list for PBXNativeTarget "ChatApp" */ = {
			isa = XCConfigurationList;
			buildConfigurations = (
				0A60D25E2E6A6DD100623E77 /* Debug */,
				0A60D25F2E6A6DD100623E77 /* Release */,
			);
			defaultConfigurationIsVisible = 0;
			defaultConfigurationName = Release;
		};
		0A60D2622E6A6DD100623E77 /* Build configuration list for PBXNativeTarget "ChatAppTests" */ = {
			isa = XCConfigurationList;
			buildConfigurations = (
				0A60D2632E6A6DD100623E77 /* Debug */,
				0A60D2642E6A6DD100623E77 /* Release */,
			);
			defaultConfigurationIsVisible = 0;
			defaultConfigurationName = Release;
		};
		0A60D2652E6A6DD100623E77 /* Build configuration list for PBXNativeTarget "ChatAppUITests" */ = {
			isa = XCConfigurationList;
			buildConfigurations = (
				0A60D2662E6A6DD100623E77 /* Debug */,
				0A60D2672E6A6DD100623E77 /* Release */,
			);
			defaultConfigurationIsVisible = 0;
			defaultConfigurationName = Release;
		};
/* End XCConfigurationList section */

/* Begin XCRemoteSwiftPackageReference section */
		0A65CBEB2E6B664D001DC08D /* XCRemoteSwiftPackageReference "MarkdownUI" */ = {
			isa = XCRemoteSwiftPackageReference;
			repositoryURL = "https://github.com/gonzalezreal/MarkdownUI";
			requirement = {
				kind = upToNextMajorVersion;
				minimumVersion = 2.4.1;
			};
		};
		0A65CBEE2E6B6664001DC08D /* XCRemoteSwiftPackageReference "HighlighterSwift" */ = {
			isa = XCRemoteSwiftPackageReference;
			repositoryURL = "https://github.com/smittytone/HighlighterSwift";
			requirement = {
				kind = upToNextMajorVersion;
				minimumVersion = 1.1.7;
			};
		};
		0A65D07E2E6B9E0F001DC08D /* XCRemoteSwiftPackageReference "SwiftMath" */ = {
			isa = XCRemoteSwiftPackageReference;
			repositoryURL = "https://github.com/mgriebling/SwiftMath";
			requirement = {
				kind = upToNextMajorVersion;
				minimumVersion = 1.7.3;
			};
		};
		D0PHSWIFT1 /* XCRemoteSwiftPackageReference "phosphor-icons/swift" */ = {
			isa = XCRemoteSwiftPackageReference;
			repositoryURL = "https://github.com/phosphor-icons/swift";
			requirement = {
				branch = main;
				kind = branch;
			};
		};
/* End XCRemoteSwiftPackageReference section */

/* Begin XCSwiftPackageProductDependency section */
		0A65CBEC2E6B664D001DC08D /* MarkdownUI */ = {
			isa = XCSwiftPackageProductDependency;
			package = 0A65CBEB2E6B664D001DC08D /* XCRemoteSwiftPackageReference "MarkdownUI" */;
			productName = MarkdownUI;
		};
		0A65CBEF2E6B6664001DC08D /* Highlighter */ = {
			isa = XCSwiftPackageProductDependency;
			package = 0A65CBEE2E6B6664001DC08D /* XCRemoteSwiftPackageReference "HighlighterSwift" */;
			productName = Highlighter;
		};
		0A65D07F2E6B9E0F001DC08D /* SwiftMath */ = {
			isa = XCSwiftPackageProductDependency;
			package = 0A65D07E2E6B9E0F001DC08D /* XCRemoteSwiftPackageReference "SwiftMath" */;
			productName = SwiftMath;
		};
		D0PHSWIFT2 /* PhosphorSwift */ = {
			isa = XCSwiftPackageProductDependency;
			package = D0PHSWIFT1 /* XCRemoteSwiftPackageReference "phosphor-icons/swift" */;
			productName = PhosphorSwift;
		};
/* End XCSwiftPackageProductDependency section */
	};
	rootObject = 0A60D2312E6A6DCF00623E77 /* Project object */;
}
